PODS:
  - EstimoteIndoorSDK (2.7.1):
    - EstimoteSDK (~> 4.16.0)
  - EstimoteSDK (4.16.2)

DEPENDENCIES:
  - EstimoteIndoorSDK

SPEC CHECKSUMS:
  EstimoteIndoorSDK: 53eaf12601b855f1d7eea7ae930d3fb8f66fb71d
  EstimoteSDK: 17d0778be064419dd905f41981f831052f4c19ee

PODFILE CHECKSUM: 762a055b9ca05f8f744ffcde331f6b1b9ba0fc1b

COCOAPODS: 1.2.1
